{
  "nodes": {
    "ags": {
      "inputs": {
        "astal": "astal",
        "nixpkgs": [
          "hyprpanel",
          "nixpkgs"
        ]
      },
      "locked": {
        "lastModified": 1736090999,
        "narHash": "sha256-B5CJuHqfJrzPa7tObK0H9669/EClSHpa/P7B9EuvElU=",
        "owner": "aylur",
        "repo": "ags",
        "rev": "5527c3c07d92c11e04e7fd99d58429493dba7e3c",
        "type": "github"
      },
      "original": {
        "owner": "aylur",
        "repo": "ags",
        "type": "github"
      }
    },
    "astal": {
      "inputs": {
        "nixpkgs": [
          "hyprpanel",
          "ags",
          "nixpkgs"
        ]
      },
      "locked": {
        "lastModified": 1735172721,
        "narHash": "sha256-rtEAwGsHSppnkR3Qg3eRJ6Xh/F84IY9CrBBLzYabalY=",
        "owner": "aylur",
        "repo": "astal",
        "rev": "6c84b64efc736e039a8a10774a4a1bf772c37aa2",
        "type": "github"
      },
      "original": {
        "owner": "aylur",
        "repo": "astal",
        "type": "github"
      }
    },
    "base16": {
      "inputs": {
        "fromYaml": "fromYaml"
      },
      "locked": {
        "lastModified": 1732200724,
        "narHash": "sha256-+R1BH5wHhfnycySb7Sy5KbYEaTJZWm1h+LW1OtyhiTs=",
        "owner": "SenchoPens",
        "repo": "base16.nix",
        "rev": "153d52373b0fb2d343592871009a286ec8837aec",
        "type": "github"
      },
      "original": {
        "owner": "SenchoPens",
        "repo": "base16.nix",
        "type": "github"
      }
    },
    "base16-fish": {
      "flake": false,
      "locked": {
        "lastModified": 1622559957,
        "narHash": "sha256-PebymhVYbL8trDVVXxCvZgc0S5VxI7I1Hv4RMSquTpA=",
        "owner": "tomyun",
        "repo": "base16-fish",
        "rev": "2f6dd973a9075dabccd26f1cded09508180bf5fe",
        "type": "github"
      },
      "original": {
        "owner": "tomyun",
        "repo": "base16-fish",
        "type": "github"
      }
    },
    "base16-helix": {
      "flake": false,
      "locked": {
        "lastModified": 1736852337,
        "narHash": "sha256-esD42YdgLlEh7koBrSqcT7p2fsMctPAcGl/+2sYJa2o=",
        "owner": "tinted-theming",
        "repo": "base16-helix",
        "rev": "03860521c40b0b9c04818f2218d9cc9efc21e7a5",
        "type": "github"
      },
      "original": {
        "owner": "tinted-theming",
        "repo": "base16-helix",
        "type": "github"
      }
    },
    "base16-vim": {
      "flake": false,
      "locked": {
        "lastModified": 1732806396,
        "narHash": "sha256-e0bpPySdJf0F68Ndanwm+KWHgQiZ0s7liLhvJSWDNsA=",
        "owner": "tinted-theming",
        "repo": "base16-vim",
        "rev": "577fe8125d74ff456cf942c733a85d769afe58b7",
        "type": "github"
      },
      "original": {
        "owner": "tinted-theming",
        "repo": "base16-vim",
        "rev": "577fe8125d74ff456cf942c733a85d769afe58b7",
        "type": "github"
      }
    },
    "cachix": {
      "locked": {
        "lastModified": 1635350005,
        "narHash": "sha256-tAMJnUwfaDEB2aa31jGcu7R7bzGELM9noc91L2PbVjg=",
        "owner": "nixos",
        "repo": "nixpkgs",
        "rev": "1c1f5649bb9c1b0d98637c8c365228f57126f361",
        "type": "github"
      },
      "original": {
        "owner": "nixos",
        "ref": "nixos-20.09",
        "repo": "nixpkgs",
        "type": "github"
      }
    },
    "firefox": {
      "inputs": {
        "cachix": "cachix",
        "flake-compat": "flake-compat",
        "lib-aggregate": "lib-aggregate",
        "mozilla": "mozilla",
        "nixpkgs": [
          "nixpkgs"
        ]
      },
      "locked": {
        "lastModified": 1741702744,
        "narHash": "sha256-O5jR1EsoB7y1MXLQLReu3DqxjNu4f6m4mjIvIjVNqcU=",
        "owner": "nix-community",
        "repo": "flake-firefox-nightly",
        "rev": "3ce3e329055b83180069daada60b514de4309f4f",
        "type": "github"
      },
      "original": {
        "owner": "nix-community",
        "repo": "flake-firefox-nightly",
        "type": "github"
      }
    },
    "firefox-gnome-theme": {
      "flake": false,
      "locked": {
        "lastModified": 1741628778,
        "narHash": "sha256-RsvHGNTmO2e/eVfgYK7g+eYEdwwh7SbZa+gZkT24MEA=",
        "owner": "rafaelmardojai",
        "repo": "firefox-gnome-theme",
        "rev": "5a81d390bb64afd4e81221749ec4bffcbeb5fa80",
        "type": "github"
      },
      "original": {
        "owner": "rafaelmardojai",
        "repo": "firefox-gnome-theme",
        "type": "github"
      }
    },
    "flake-compat": {
      "locked": {
        "lastModified": 1717312683,
        "narHash": "sha256-FrlieJH50AuvagamEvWMIE6D2OAnERuDboFDYAED/dE=",
        "owner": "nix-community",
        "repo": "flake-compat",
        "rev": "38fd3954cf65ce6faf3d0d45cd26059e059f07ea",
        "type": "github"
      },
      "original": {
        "owner": "nix-community",
        "repo": "flake-compat",
        "type": "github"
      }
    },
    "flake-compat_2": {
      "flake": false,
      "locked": {
        "lastModified": 1733328505,
        "narHash": "sha256-NeCCThCEP3eCl2l/+27kNNK7QrwZB1IJCrXfrbv5oqU=",
        "owner": "edolstra",
        "repo": "flake-compat",
        "rev": "ff81ac966bb2cae68946d5ed5fc4994f96d0ffec",
        "type": "github"
      },
      "original": {
        "owner": "edolstra",
        "repo": "flake-compat",
        "type": "github"
      }
    },
    "flake-compat_3": {
      "flake": false,
      "locked": {
        "lastModified": 1696426674,
        "narHash": "sha256-kvjfFW7WAETZlt09AgDn1MrtKzP7t90Vf7vypd3OL1U=",
        "owner": "edolstra",
        "repo": "flake-compat",
        "rev": "0f9255e01c2351cc7d116c072cb317785dd33b33",
        "type": "github"
      },
      "original": {
        "owner": "edolstra",
        "repo": "flake-compat",
        "type": "github"
      }
    },
    "flake-compat_4": {
      "flake": false,
      "locked": {
        "lastModified": 1733328505,
        "narHash": "sha256-NeCCThCEP3eCl2l/+27kNNK7QrwZB1IJCrXfrbv5oqU=",
        "owner": "edolstra",
        "repo": "flake-compat",
        "rev": "ff81ac966bb2cae68946d5ed5fc4994f96d0ffec",
        "type": "github"
      },
      "original": {
        "owner": "edolstra",
        "repo": "flake-compat",
        "type": "github"
      }
    },
    "flake-parts": {
      "inputs": {
        "nixpkgs-lib": [
          "neovim-nightly-overlay",
          "nixpkgs"
        ]
      },
      "locked": {
        "lastModified": 1741352980,
        "narHash": "sha256-+u2UunDA4Cl5Fci3m7S643HzKmIDAe+fiXrLqYsR2fs=",
        "owner": "hercules-ci",
        "repo": "flake-parts",
        "rev": "f4330d22f1c5d2ba72d3d22df5597d123fdb60a9",
        "type": "github"
      },
      "original": {
        "owner": "hercules-ci",
        "repo": "flake-parts",
        "type": "github"
      }
    },
    "flake-parts_2": {
      "inputs": {
        "nixpkgs-lib": [
          "neovim-nightly-overlay",
          "hercules-ci-effects",
          "nixpkgs"
        ]
      },
      "locked": {
        "lastModified": 1738453229,
        "narHash": "sha256-7H9XgNiGLKN1G1CgRh0vUL4AheZSYzPm+zmZ7vxbJdo=",
        "owner": "hercules-ci",
        "repo": "flake-parts",
        "rev": "32ea77a06711b758da0ad9bd6a844c5740a87abd",
        "type": "github"
      },
      "original": {
        "id": "flake-parts",
        "type": "indirect"
      }
    },
    "flake-parts_3": {
      "inputs": {
        "nixpkgs-lib": [
          "nur",
          "nixpkgs"
        ]
      },
      "locked": {
        "lastModified": 1733312601,
        "narHash": "sha256-4pDvzqnegAfRkPwO3wmwBhVi/Sye1mzps0zHWYnP88c=",
        "owner": "hercules-ci",
        "repo": "flake-parts",
        "rev": "205b12d8b7cd4802fbcb8e8ef6a0f1408781a4f9",
        "type": "github"
      },
      "original": {
        "owner": "hercules-ci",
        "repo": "flake-parts",
        "type": "github"
      }
    },
    "flake-utils": {
      "inputs": {
        "systems": "systems"
      },
      "locked": {
        "lastModified": 1731533236,
        "narHash": "sha256-l0KFg5HjrsfsO/JpG+r7fRrqm12kzFHyUHqHCVpMMbI=",
        "owner": "numtide",
        "repo": "flake-utils",
        "rev": "11707dc2f618dd54ca8739b309ec4fc024de578b",
        "type": "github"
      },
      "original": {
        "owner": "numtide",
        "repo": "flake-utils",
        "type": "github"
      }
    },
    "flake-utils_2": {
      "inputs": {
        "systems": [
          "stylix",
          "systems"
        ]
      },
      "locked": {
        "lastModified": 1731533236,
        "narHash": "sha256-l0KFg5HjrsfsO/JpG+r7fRrqm12kzFHyUHqHCVpMMbI=",
        "owner": "numtide",
        "repo": "flake-utils",
        "rev": "11707dc2f618dd54ca8739b309ec4fc024de578b",
        "type": "github"
      },
      "original": {
        "owner": "numtide",
        "repo": "flake-utils",
        "type": "github"
      }
    },
    "fromYaml": {
      "flake": false,
      "locked": {
        "lastModified": 1731966426,
        "narHash": "sha256-lq95WydhbUTWig/JpqiB7oViTcHFP8Lv41IGtayokA8=",
        "owner": "SenchoPens",
        "repo": "fromYaml",
        "rev": "106af9e2f715e2d828df706c386a685698f3223b",
        "type": "github"
      },
      "original": {
        "owner": "SenchoPens",
        "repo": "fromYaml",
        "type": "github"
      }
    },
    "git-hooks": {
      "inputs": {
        "flake-compat": "flake-compat_3",
        "gitignore": "gitignore",
        "nixpkgs": [
          "neovim-nightly-overlay",
          "nixpkgs"
        ]
      },
      "locked": {
        "lastModified": 1741379162,
        "narHash": "sha256-srpAbmJapkaqGRE3ytf3bj4XshspVR5964OX5LfjDWc=",
        "owner": "cachix",
        "repo": "git-hooks.nix",
        "rev": "b5a62751225b2f62ff3147d0a334055ebadcd5cc",
        "type": "github"
      },
      "original": {
        "owner": "cachix",
        "repo": "git-hooks.nix",
        "type": "github"
      }
    },
    "git-hooks_2": {
      "inputs": {
        "flake-compat": [
          "stylix",
          "flake-compat"
        ],
        "gitignore": "gitignore_2",
        "nixpkgs": [
          "stylix",
          "nixpkgs"
        ]
      },
      "locked": {
        "lastModified": 1741379162,
        "narHash": "sha256-srpAbmJapkaqGRE3ytf3bj4XshspVR5964OX5LfjDWc=",
        "owner": "cachix",
        "repo": "git-hooks.nix",
        "rev": "b5a62751225b2f62ff3147d0a334055ebadcd5cc",
        "type": "github"
      },
      "original": {
        "owner": "cachix",
        "repo": "git-hooks.nix",
        "type": "github"
      }
    },
    "gitignore": {
      "inputs": {
        "nixpkgs": [
          "neovim-nightly-overlay",
          "git-hooks",
          "nixpkgs"
        ]
      },
      "locked": {
        "lastModified": 1709087332,
        "narHash": "sha256-HG2cCnktfHsKV0s4XW83gU3F57gaTljL9KNSuG6bnQs=",
        "owner": "hercules-ci",
        "repo": "gitignore.nix",
        "rev": "637db329424fd7e46cf4185293b9cc8c88c95394",
        "type": "github"
      },
      "original": {
        "owner": "hercules-ci",
        "repo": "gitignore.nix",
        "type": "github"
      }
    },
    "gitignore_2": {
      "inputs": {
        "nixpkgs": [
          "stylix",
          "git-hooks",
          "nixpkgs"
        ]
      },
      "locked": {
        "lastModified": 1709087332,
        "narHash": "sha256-HG2cCnktfHsKV0s4XW83gU3F57gaTljL9KNSuG6bnQs=",
        "owner": "hercules-ci",
        "repo": "gitignore.nix",
        "rev": "637db329424fd7e46cf4185293b9cc8c88c95394",
        "type": "github"
      },
      "original": {
        "owner": "hercules-ci",
        "repo": "gitignore.nix",
        "type": "github"
      }
    },
    "gnome-shell": {
      "flake": false,
      "locked": {
        "lastModified": 1732369855,
        "narHash": "sha256-JhUWbcYPjHO3Xs3x9/Z9RuqXbcp5yhPluGjwsdE2GMg=",
        "owner": "GNOME",
        "repo": "gnome-shell",
        "rev": "dadd58f630eeea41d645ee225a63f719390829dc",
        "type": "github"
      },
      "original": {
        "owner": "GNOME",
        "ref": "47.2",
        "repo": "gnome-shell",
        "type": "github"
      }
    },
    "hercules-ci-effects": {
      "inputs": {
        "flake-parts": "flake-parts_2",
        "nixpkgs": [
          "neovim-nightly-overlay",
          "nixpkgs"
        ]
      },
      "locked": {
        "lastModified": 1739595404,
        "narHash": "sha256-0CjCfbq0yHWexOrpO06e2WU1r5JAqR6ffy1zgM3NksI=",
        "owner": "hercules-ci",
        "repo": "hercules-ci-effects",
        "rev": "06519cec8fb32d219006da6eacd255504a9996af",
        "type": "github"
      },
      "original": {
        "owner": "hercules-ci",
        "repo": "hercules-ci-effects",
        "type": "github"
      }
    },
    "home-manager": {
      "inputs": {
        "nixpkgs": [
          "nixpkgs"
        ]
      },
      "locked": {
        "lastModified": 1739757849,
        "narHash": "sha256-Gs076ot1YuAAsYVcyidLKUMIc4ooOaRGO0PqTY7sBzA=",
        "owner": "nix-community",
        "repo": "home-manager",
        "rev": "9d3d080aec2a35e05a15cedd281c2384767c2cfe",
        "type": "github"
      },
      "original": {
        "owner": "nix-community",
        "ref": "release-24.11",
        "repo": "home-manager",
        "type": "github"
      }
    },
    "home-manager_2": {
      "inputs": {
        "nixpkgs": [
          "stylix",
          "nixpkgs"
        ]
      },
      "locked": {
        "lastModified": 1739757849,
        "narHash": "sha256-Gs076ot1YuAAsYVcyidLKUMIc4ooOaRGO0PqTY7sBzA=",
        "owner": "nix-community",
        "repo": "home-manager",
        "rev": "9d3d080aec2a35e05a15cedd281c2384767c2cfe",
        "type": "github"
      },
      "original": {
        "owner": "nix-community",
        "ref": "release-24.11",
        "repo": "home-manager",
        "type": "github"
      }
    },
    "hyprland-contrib": {
      "inputs": {
        "nixpkgs": [
          "nixpkgs"
        ]
      },
      "locked": {
        "lastModified": 1741681240,
        "narHash": "sha256-SJrLVyoaQUg29fq3nNdRmYrLgiu9dtgcIVqpl8j/Teo=",
        "owner": "hyprwm",
        "repo": "contrib",
        "rev": "e14d9c5e9aea4a84c3677e0a7c73268153b15327",
        "type": "github"
      },
      "original": {
        "owner": "hyprwm",
        "repo": "contrib",
        "type": "github"
      }
    },
    "hyprpanel": {
      "inputs": {
        "ags": "ags",
        "nixpkgs": [
          "nixpkgs"
        ]
      },
      "locked": {
        "lastModified": 1740863579,
        "narHash": "sha256-U4amsszfgPUTAa9FrIlYsCCpmAyko22h/nbjhmAZvAs=",
        "owner": "Jas-SinghFSU",
        "repo": "HyprPanel",
        "rev": "2be9f1ef6c2df2ecf0eebe5a039e8029d8d151cd",
        "type": "github"
      },
      "original": {
        "owner": "Jas-SinghFSU",
        "repo": "HyprPanel",
        "type": "github"
      }
    },
    "lib-aggregate": {
      "inputs": {
        "flake-utils": "flake-utils",
        "nixpkgs-lib": "nixpkgs-lib"
      },
      "locked": {
        "lastModified": 1741522229,
        "narHash": "sha256-7XL9XiEZSZ0+0z6Y0VPBLLNADkEEq/IYHzGVCEWQUXc=",
        "owner": "nix-community",
        "repo": "lib-aggregate",
        "rev": "b3bc7ba34afb20631c9ff05c0cff42c83ec2ae34",
        "type": "github"
      },
      "original": {
        "owner": "nix-community",
        "repo": "lib-aggregate",
        "type": "github"
      }
    },
    "mozilla": {
      "flake": false,
      "locked": {
        "lastModified": 1740762144,
        "narHash": "sha256-I7a6e3IYJAp9u3PwUSW1+oilO1tAfnbeN3/YJQ+ObCo=",
        "owner": "mozilla",
        "repo": "nixpkgs-mozilla",
        "rev": "e35b0e071cae97469d80222be988fdd972b22c3b",
        "type": "github"
      },
      "original": {
        "owner": "mozilla",
        "repo": "nixpkgs-mozilla",
        "type": "github"
      }
    },
    "neovim-nightly-overlay": {
      "inputs": {
        "flake-compat": "flake-compat_2",
        "flake-parts": "flake-parts",
        "git-hooks": "git-hooks",
        "hercules-ci-effects": "hercules-ci-effects",
        "neovim-src": "neovim-src",
        "nixpkgs": "nixpkgs",
        "treefmt-nix": "treefmt-nix"
      },
      "locked": {
        "lastModified": 1741676952,
        "narHash": "sha256-14tBgnGZLu3sH23O61PA1oG4op4TvZRUj3Aof8m4bEQ=",
        "owner": "nix-community",
        "repo": "neovim-nightly-overlay",
        "rev": "adee34d9e71f021dd8b635e8dd8e7329dea6ef79",
        "type": "github"
      },
      "original": {
        "owner": "nix-community",
        "repo": "neovim-nightly-overlay",
        "type": "github"
      }
    },
    "neovim-src": {
      "flake": false,
      "locked": {
        "lastModified": 1741647257,
        "narHash": "sha256-1fKiWpHhE0WcrPMJgxHiYK9sBews+KXFDALGiWnYSPk=",
        "owner": "neovim",
        "repo": "neovim",
        "rev": "7e2b75760f1723c44bf69951dad2cb8da92aa213",
        "type": "github"
      },
      "original": {
        "owner": "neovim",
        "repo": "neovim",
        "type": "github"
      }
    },
    "nixos-hardware": {
      "locked": {
        "lastModified": 1741325094,
        "narHash": "sha256-RUAdT8dZ6k/486vnu3tiNRrNW6+Q8uSD2Mq7gTX4jlo=",
        "owner": "NixOS",
        "repo": "nixos-hardware",
        "rev": "b48cc4dab0f9711af296fc367b6108cf7b8ccb16",
        "type": "github"
      },
      "original": {
        "owner": "NixOS",
        "ref": "master",
        "repo": "nixos-hardware",
        "type": "github"
      }
    },
    "nixpkgs": {
      "locked": {
        "lastModified": 1741462378,
        "narHash": "sha256-ZF3YOjq+vTcH51S+qWa1oGA9FgmdJ67nTNPG2OIlXDc=",
        "owner": "NixOS",
        "repo": "nixpkgs",
        "rev": "2d9e4457f8e83120c9fdf6f1707ed0bc603e5ac9",
        "type": "github"
      },
      "original": {
        "owner": "NixOS",
        "ref": "nixpkgs-unstable",
        "repo": "nixpkgs",
        "type": "github"
      }
    },
    "nixpkgs-lib": {
      "locked": {
        "lastModified": 1741481724,
        "narHash": "sha256-XkDGJ3UJ06OkyHiKX20wLIyqrVl8J9ppccSevDoZYg0=",
        "owner": "nix-community",
        "repo": "nixpkgs.lib",
        "rev": "4264843d949bd5fb28a96f47842b634919aa58fa",
        "type": "github"
      },
      "original": {
        "owner": "nix-community",
        "repo": "nixpkgs.lib",
        "type": "github"
      }
    },
    "nixpkgs-unstable": {
      "locked": {
        "lastModified": 1741513245,
        "narHash": "sha256-7rTAMNTY1xoBwz0h7ZMtEcd8LELk9R5TzBPoHuhNSCk=",
        "owner": "nixos",
        "repo": "nixpkgs",
        "rev": "e3e32b642a31e6714ec1b712de8c91a3352ce7e1",
        "type": "github"
      },
      "original": {
        "owner": "nixos",
        "ref": "nixos-unstable",
        "repo": "nixpkgs",
        "type": "github"
      }
    },
    "nixpkgs_2": {
      "locked": {
        "lastModified": 1741600792,
        "narHash": "sha256-yfDy6chHcM7pXpMF4wycuuV+ILSTG486Z/vLx/Bdi6Y=",
        "owner": "nixos",
        "repo": "nixpkgs",
        "rev": "ebe2788eafd539477f83775ef93c3c7e244421d3",
        "type": "github"
      },
      "original": {
        "owner": "nixos",
        "ref": "nixos-24.11",
        "repo": "nixpkgs",
        "type": "github"
      }
    },
    "nixpkgs_3": {
      "locked": {
        "lastModified": 1741513245,
        "narHash": "sha256-7rTAMNTY1xoBwz0h7ZMtEcd8LELk9R5TzBPoHuhNSCk=",
        "owner": "nixos",
        "repo": "nixpkgs",
        "rev": "e3e32b642a31e6714ec1b712de8c91a3352ce7e1",
        "type": "github"
      },
      "original": {
        "owner": "nixos",
        "ref": "nixos-unstable",
        "repo": "nixpkgs",
        "type": "github"
      }
    },
    "nixpkgs_4": {
      "locked": {
        "lastModified": 1741600792,
        "narHash": "sha256-yfDy6chHcM7pXpMF4wycuuV+ILSTG486Z/vLx/Bdi6Y=",
        "owner": "NixOS",
        "repo": "nixpkgs",
        "rev": "ebe2788eafd539477f83775ef93c3c7e244421d3",
        "type": "github"
      },
      "original": {
        "owner": "NixOS",
        "ref": "nixos-24.11",
        "repo": "nixpkgs",
        "type": "github"
      }
    },
    "nur": {
      "inputs": {
        "flake-parts": "flake-parts_3",
        "nixpkgs": "nixpkgs_3",
        "treefmt-nix": "treefmt-nix_2"
      },
      "locked": {
        "lastModified": 1741733171,
        "narHash": "sha256-VrEFb7WaQOkmEU4eowlZQ5hlrFhyycLqc25TtETpf6A=",
        "owner": "nix-community",
        "repo": "NUR",
        "rev": "b88b728a7ab8626af4e89920a6133d3b4f0ecc29",
        "type": "github"
      },
      "original": {
        "owner": "nix-community",
        "repo": "NUR",
        "type": "github"
      }
    },
    "root": {
      "inputs": {
        "firefox": "firefox",
        "home-manager": "home-manager",
        "hyprland-contrib": "hyprland-contrib",
        "hyprpanel": "hyprpanel",
        "neovim-nightly-overlay": "neovim-nightly-overlay",
        "nixos-hardware": "nixos-hardware",
        "nixpkgs": "nixpkgs_2",
        "nixpkgs-unstable": "nixpkgs-unstable",
        "nur": "nur",
        "sops-nix": "sops-nix",
        "stylix": "stylix",
        "zinit": "zinit"
      }
    },
    "sops-nix": {
      "inputs": {
        "nixpkgs": [
          "nixpkgs"
        ]
      },
      "locked": {
        "lastModified": 1741644481,
        "narHash": "sha256-E0RrMykMtEv15V3QhpsFutgoSKhL1JBhidn+iZajOyg=",
        "owner": "Mic92",
        "repo": "sops-nix",
        "rev": "e653d71e82575a43fe9d228def8eddb73887b866",
        "type": "github"
      },
      "original": {
        "owner": "Mic92",
        "repo": "sops-nix",
        "type": "github"
      }
    },
    "stylix": {
      "inputs": {
        "base16": "base16",
        "base16-fish": "base16-fish",
        "base16-helix": "base16-helix",
        "base16-vim": "base16-vim",
        "firefox-gnome-theme": "firefox-gnome-theme",
        "flake-compat": "flake-compat_4",
        "flake-utils": "flake-utils_2",
        "git-hooks": "git-hooks_2",
        "gnome-shell": "gnome-shell",
        "home-manager": "home-manager_2",
        "nixpkgs": "nixpkgs_4",
        "systems": "systems_2",
        "tinted-foot": "tinted-foot",
        "tinted-kitty": "tinted-kitty",
        "tinted-tmux": "tinted-tmux"
      },
      "locked": {
        "lastModified": 1741703235,
        "narHash": "sha256-3efck7239JPh6IHnqhETaoQejfxh4RBU16bE8IHOkto=",
        "owner": "danth",
        "repo": "stylix",
        "rev": "4a3ac9e30cd15b25a8b2e6cf0a7a047f454408bd",
        "type": "github"
      },
      "original": {
        "owner": "danth",
        "ref": "release-24.11",
        "repo": "stylix",
        "type": "github"
      }
    },
    "systems": {
      "locked": {
        "lastModified": 1681028828,
        "narHash": "sha256-Vy1rq5AaRuLzOxct8nz4T6wlgyUR7zLU309k9mBC768=",
        "owner": "nix-systems",
        "repo": "default",
        "rev": "da67096a3b9bf56a91d16901293e51ba5b49a27e",
        "type": "github"
      },
      "original": {
        "owner": "nix-systems",
        "repo": "default",
        "type": "github"
      }
    },
    "systems_2": {
      "locked": {
        "lastModified": 1681028828,
        "narHash": "sha256-Vy1rq5AaRuLzOxct8nz4T6wlgyUR7zLU309k9mBC768=",
        "owner": "nix-systems",
        "repo": "default",
        "rev": "da67096a3b9bf56a91d16901293e51ba5b49a27e",
        "type": "github"
      },
      "original": {
        "owner": "nix-systems",
        "repo": "default",
        "type": "github"
      }
    },
    "tinted-foot": {
      "flake": false,
      "locked": {
        "lastModified": 1726913040,
        "narHash": "sha256-+eDZPkw7efMNUf3/Pv0EmsidqdwNJ1TaOum6k7lngDQ=",
        "owner": "tinted-theming",
        "repo": "tinted-foot",
        "rev": "fd1b924b6c45c3e4465e8a849e67ea82933fcbe4",
        "type": "github"
      },
      "original": {
        "owner": "tinted-theming",
        "repo": "tinted-foot",
        "rev": "fd1b924b6c45c3e4465e8a849e67ea82933fcbe4",
        "type": "github"
      }
    },
    "tinted-kitty": {
      "flake": false,
      "locked": {
        "lastModified": 1716423189,
        "narHash": "sha256-2xF3sH7UIwegn+2gKzMpFi3pk5DlIlM18+vj17Uf82U=",
        "owner": "tinted-theming",
        "repo": "tinted-kitty",
        "rev": "eb39e141db14baef052893285df9f266df041ff8",
        "type": "github"
      },
      "original": {
        "owner": "tinted-theming",
        "repo": "tinted-kitty",
        "rev": "eb39e141db14baef052893285df9f266df041ff8",
        "type": "github"
      }
    },
    "tinted-tmux": {
      "flake": false,
      "locked": {
        "lastModified": 1740877430,
        "narHash": "sha256-zWcCXgdC4/owfH/eEXx26y5BLzTrefjtSLFHWVD5KxU=",
        "owner": "tinted-theming",
        "repo": "tinted-tmux",
        "rev": "d48ee86394cbe45b112ba23ab63e33656090edb4",
        "type": "github"
      },
      "original": {
        "owner": "tinted-theming",
        "repo": "tinted-tmux",
        "type": "github"
      }
    },
    "treefmt-nix": {
      "inputs": {
        "nixpkgs": [
          "neovim-nightly-overlay",
          "nixpkgs"
        ]
      },
      "locked": {
        "lastModified": 1739829690,
        "narHash": "sha256-mL1szCeIsjh6Khn3nH2cYtwO5YXG6gBiTw1A30iGeDU=",
        "owner": "numtide",
        "repo": "treefmt-nix",
        "rev": "3d0579f5cc93436052d94b73925b48973a104204",
        "type": "github"
      },
      "original": {
        "owner": "numtide",
        "repo": "treefmt-nix",
        "type": "github"
      }
    },
    "treefmt-nix_2": {
      "inputs": {
        "nixpkgs": [
          "nur",
          "nixpkgs"
        ]
      },
      "locked": {
        "lastModified": 1733222881,
        "narHash": "sha256-JIPcz1PrpXUCbaccEnrcUS8jjEb/1vJbZz5KkobyFdM=",
        "owner": "numtide",
        "repo": "treefmt-nix",
        "rev": "49717b5af6f80172275d47a418c9719a31a78b53",
        "type": "github"
      },
      "original": {
        "owner": "numtide",
        "repo": "treefmt-nix",
        "type": "github"
      }
    },
    "zinit": {
      "flake": false,
      "locked": {
        "lastModified": 1739897873,
        "narHash": "sha256-cBMGmFrveBes30aCSLMBO8WrtoPZeMNjcEQoQEzBNvM=",
        "owner": "zdharma-continuum",
        "repo": "zinit",
        "rev": "5c0c0454deeb9eac95e08ef214b5d7ba6859db14",
        "type": "github"
      },
      "original": {
        "owner": "zdharma-continuum",
        "repo": "zinit",
        "type": "github"
      }
    }
  },
  "root": "root",
  "version": 7
}
